
Microsoft Visual Studio Solution File, Format Version 12.00
# Visual Studio Version 17
VisualStudioVersion = 17.0.32112.339
MinimumVisualStudioVersion = 10.0.40219.1
Project("{8BC9CEB8-8B4A-11D0-8D11-00A0C91BC942}") = "LinkedList2", "LinkedList2\LinkedList2.vcxproj", "{9F3628CC-CD9E-4CFF-9F5F-1008334BB9FD}"
EndProject
Project("{8BC9CEB8-8B4A-11D0-8D11-00A0C91BC942}") = "Stack", "Stack\Stack.vcxproj", "{6B7CBDC6-F43C-40F6-83C3-81ADC4C244A2}"
EndProject
Global
	GlobalSection(SolutionConfigurationPlatforms) = preSolution
		Debug|x64 = Debug|x64
		Debug|x86 = Debug|x86
		Release|x64 = Release|x64
		Release|x86 = Release|x86
	EndGlobalSection
	GlobalSection(ProjectConfigurationPlatforms) = postSolution
		{9F3628CC-CD9E-4CFF-9F5F-1008334BB9FD}.Debug|x64.ActiveCfg = Debug|x64
		{9F3628CC-CD9E-4CFF-9F5F-1008334BB9FD}.Debug|x64.Build.0 = Debug|x64
		{9F3628CC-CD9E-4CFF-9F5F-1008334BB9FD}.Debug|x86.ActiveCfg = Debug|Win32
		{9F3628CC-CD9E-4CFF-9F5F-1008334BB9FD}.Debug|x86.Build.0 = Debug|Win32
		{9F3628CC-CD9E-4CFF-9F5F-1008334BB9FD}.Release|x64.ActiveCfg = Release|x64
		{9F3628CC-CD9E-4CFF-9F5F-1008334BB9FD}.Release|x64.Build.0 = Release|x64
		{9F3628CC-CD9E-4CFF-9F5F-1008334BB9FD}.Release|x86.ActiveCfg = Release|Win32
		{9F3628CC-CD9E-4CFF-9F5F-1008334BB9FD}.Release|x86.Build.0 = Release|Win32
		{6B7CBDC6-F43C-40F6-83C3-81ADC4C244A2}.Debug|x64.ActiveCfg = Debug|x64
		{6B7CBDC6-F43C-40F6-83C3-81ADC4C244A2}.Debug|x64.Build.0 = Debug|x64
		{6B7CBDC6-F43C-40F6-83C3-81ADC4C244A2}.Debug|x86.ActiveCfg = Debug|Win32
		{6B7CBDC6-F43C-40F6-83C3-81ADC4C244A2}.Debug|x86.Build.0 = Debug|Win32
		{6B7CBDC6-F43C-40F6-83C3-81ADC4C244A2}.Release|x64.ActiveCfg = Release|x64
		{6B7CBDC6-F43C-40F6-83C3-81ADC4C244A2}.Release|x64.Build.0 = Release|x64
		{6B7CBDC6-F43C-40F6-83C3-81ADC4C244A2}.Release|x86.ActiveCfg = Release|Win32
		{6B7CBDC6-F43C-40F6-83C3-81ADC4C244A2}.Release|x86.Build.0 = Release|Win32
	EndGlobalSection
	GlobalSection(SolutionProperties) = preSolution
		HideSolutionNode = FALSE
	EndGlobalSection
	GlobalSection(ExtensibilityGlobals) = postSolution
		SolutionGuid = {55EF95FE-4428-4D88-95B5-552FB5674FF9}
	EndGlobalSection
EndGlobal
